
Microsoft Visual Studio Solution File, Format Version 12.00
# Visual Studio Version 16
VisualStudioVersion = 16.0.31019.35
MinimumVisualStudioVersion = 10.0.40219.1
Project("{9A19103F-16F7-4668-BE54-9A1E7A4F7556}") = "BlazorProducts.Client", "BlazorProducts.Client\BlazorProducts.Client.csproj", "{AB6C9E05-50D6-47F4-A484-9DD2FAD6751D}"
EndProject
Project("{9A19103F-16F7-4668-BE54-9A1E7A4F7556}") = "BlazorProducts.Server", "BlazorProducts.Server\BlazorProducts.Server.csproj", "{ACB19646-73FD-47CA-AFAB-6E65083E0673}"
EndProject
Project("{9A19103F-16F7-4668-BE54-9A1E7A4F7556}") = "Entities", "Entities\Entities.csproj", "{A38ACB91-0A6F-4012-9177-F31093E35CEA}"
EndProject
Project("{2150E333-8FDC-42A3-9474-1A3956D46DE8}") = "Solution Items", "Solution Items", "{EAF815CA-B23C-432A-9D90-F400E338508B}"
	ProjectSection(SolutionItems) = preProject
		Notes.md = Notes.md
	EndProjectSection
EndProject
Global
	GlobalSection(SolutionConfigurationPlatforms) = preSolution
		Debug|Any CPU = Debug|Any CPU
		Release|Any CPU = Release|Any CPU
	EndGlobalSection
	GlobalSection(ProjectConfigurationPlatforms) = postSolution
		{AB6C9E05-50D6-47F4-A484-9DD2FAD6751D}.Debug|Any CPU.ActiveCfg = Debug|Any CPU
		{AB6C9E05-50D6-47F4-A484-9DD2FAD6751D}.Debug|Any CPU.Build.0 = Debug|Any CPU
		{AB6C9E05-50D6-47F4-A484-9DD2FAD6751D}.Release|Any CPU.ActiveCfg = Release|Any CPU
		{AB6C9E05-50D6-47F4-A484-9DD2FAD6751D}.Release|Any CPU.Build.0 = Release|Any CPU
		{ACB19646-73FD-47CA-AFAB-6E65083E0673}.Debug|Any CPU.ActiveCfg = Debug|Any CPU
		{ACB19646-73FD-47CA-AFAB-6E65083E0673}.Debug|Any CPU.Build.0 = Debug|Any CPU
		{ACB19646-73FD-47CA-AFAB-6E65083E0673}.Release|Any CPU.ActiveCfg = Release|Any CPU
		{ACB19646-73FD-47CA-AFAB-6E65083E0673}.Release|Any CPU.Build.0 = Release|Any CPU
		{A38ACB91-0A6F-4012-9177-F31093E35CEA}.Debug|Any CPU.ActiveCfg = Debug|Any CPU
		{A38ACB91-0A6F-4012-9177-F31093E35CEA}.Debug|Any CPU.Build.0 = Debug|Any CPU
		{A38ACB91-0A6F-4012-9177-F31093E35CEA}.Release|Any CPU.ActiveCfg = Release|Any CPU
		{A38ACB91-0A6F-4012-9177-F31093E35CEA}.Release|Any CPU.Build.0 = Release|Any CPU
	EndGlobalSection
	GlobalSection(SolutionProperties) = preSolution
		HideSolutionNode = FALSE
	EndGlobalSection
	GlobalSection(ExtensibilityGlobals) = postSolution
		SolutionGuid = {D785AE84-D4D6-49DB-8305-5972147D04DD}
	EndGlobalSection
EndGlobal
